
Microsoft Visual Studio Solution File, Format Version 12.00
# Visual Studio Version 17
VisualStudioVersion = 17.14.36518.9 d17.14
MinimumVisualStudioVersion = 10.0.40219.1
Project("{FAE04EC0-301F-11D3-BF4B-00C04F79EFBC}") = "farmaciaAPI", "farmaciaAPI\farmaciaAPI.csproj", "{E6447696-1414-4F7E-90F2-E8358D95444E}"
EndProject
Global
	GlobalSection(SolutionConfigurationPlatforms) = preSolution
		Debug|Any CPU = Debug|Any CPU
		Release|Any CPU = Release|Any CPU
	EndGlobalSection
	GlobalSection(ProjectConfigurationPlatforms) = postSolution
		{E6447696-1414-4F7E-90F2-E8358D95444E}.Debug|Any CPU.ActiveCfg = Debug|Any CPU
		{E6447696-1414-4F7E-90F2-E8358D95444E}.Debug|Any CPU.Build.0 = Debug|Any CPU
		{E6447696-1414-4F7E-90F2-E8358D95444E}.Release|Any CPU.ActiveCfg = Release|Any CPU
		{E6447696-1414-4F7E-90F2-E8358D95444E}.Release|Any CPU.Build.0 = Release|Any CPU
	EndGlobalSection
	GlobalSection(SolutionProperties) = preSolution
		HideSolutionNode = FALSE
	EndGlobalSection
	GlobalSection(ExtensibilityGlobals) = postSolution
		SolutionGuid = {CF25D91F-DDC7-4036-8B8C-F484747FAD8B}
	EndGlobalSection
EndGlobal
